github.com/davecgh/go-spew v1.1.1 h1:vj9j/u1bqnvCEfJOwUhtlOARqs3+rkHYY13jYWTU97c=
github.com/davecgh/go-spew v1.1.1/go.mod h1:J7Y8YcW2NihsgmVo/mv3lAwl/skON4iLHjSsI+c5H38=
github.com/denisenkom/go-mssqldb v0.0.0-20190910235433-dd40567e5238 h1:6lXF7o6CW9bEsLLyrse4lw6hxJT/XyC1EC0xWw535zk=
github.com/denisenkom/go-mssqldb v0.0.0-20190910235433-dd40567e5238/go.mod h1:xbL0rPBG9cCiLr28tMa8zpbdarY27NDyej4t/EjAShU=
github.com/dgrijalva/jwt-go v3.0.0+incompatible h1:nfVqwkkhaRUethVJaQf5TUFdFr3YUF4lJBTf/F2XwVI=
github.com/dgrijalva/jwt-go v3.0.0+incompatible/go.mod h1:E3ru+11k8xSBh+hMPgOLZmtrrCbhqsmaPHjLKYnJCaQ=
github.com/dimfeld/httptreemux v3.8.0+incompatible h1:GkWWdeNjnUXeTXPMqNyC8VLXrZbHLVRB1+kpI2viEtw=
github.com/dimfeld/httptreemux v3.8.0+incompatible/go.mod h1:rbUlSV+CCpv/SuqUTP/8Bk2O3LyUV436/yaRGkhP6Z0=
github.com/erikstmartin/go-testdb v0.0.0-20160219214506-8d10e4a1bae5 h1:Yzb9+7DPaBjB8zlTR87/ElzFsnQfuHnVUVqpZZIcV5Y=
github.com/erikstmartin/go-testdb v0.0.0-20160219214506-8d10e4a1bae5/go.mod h1:a2zkGnVExMxdzMo3M0Hi/3sEU+cWnZpSni0O6/Yb/P0=
github.com/fsnotify/fsnotify v1.4.3-0.20170302034209-7d7316ed6e1e h1:C0a0JcBk7RCkGKScEAWRKbFk0ovh9+Os32kXKrHcaNM=
github.com/fsnotify/fsnotify v1.4.3-0.20170302034209-7d7316ed6e1e/go.mod h1:jwhsz4b93w/PPRr/qN1Yymfu8t87LnFCMoQvtojpjFo=
github.com/go-sql-driver/mysql v1.3.1-0.20161224121019-2e00b5cd7039 h1:DK/LMxBX4gKRwnvIzRfjXIhQ62KhiyLoAd7xbGYkBy4=
github.com/go-sql-driver/mysql v1.3.1-0.20161224121019-2e00b5cd7039/go.mod h1:zAC/RDZ24gD3HViQzih4MyKcchzm+sOG5ZlKdlhCg5w=
github.com/golang-sql/civil v0.0.0-20190719163853-cb61b32ac6fe h1:lXe2qZdvpiX5WZkZR4hgp4KJVfY3nMkvmwbVkpv1rVY=
github.com/golang-sql/civil v0.0.0-20190719163853-cb61b32ac6fe/go.mod h1:8vg3r2VgvsThLBIFL93Qb5yWzgyZWhEmBwUJWevAkK0=
github.com/golang/protobuf v0.0.0-20170217234432-69b215d01a56 h1:i2EQlrDjHdBwt1vVWTmCCw9scBgrSxxF/KWs//OHQcY=
github.com/golang/protobuf v0.0.0-20170217234432-69b215d01a56/go.mod h1:6lQm79b+lXiMfvg/cZm0SGofjICqVBUtrP5yJMmIC1U=
github.com/guregu/kami v2.2.1+incompatible h1:G8vzA3Bx2jnm+AQOHXtHW0vTSQ7tQqfxLc5nuHFtkgI=
github.com/guregu/kami v2.2.1+incompatible/go.mod h1:EWmehSBHxCbnLPj3XytBR5sht/UebNLwwFYpGcfbptQ=
github.com/hashicorp/hcl v0.0.0-20170217164738-630949a3c5fa h1:10wM7X2JKPrmcvtI9Qy2xsoQI1CBA8dd6LqjyGKlD0c=
github.com/hashicorp/hcl v0.0.0-20170217164738-630949a3c5fa/go.mod h1:oZtUIOe8dh44I2q6ScRibXws4Ajl+d+nod3AaR9vL5w=
github.com/inconshreveable/mousetrap v1.0.0 h1:Z8tu5sraLXCXIcARxBp/8cbvlwVa7Z1NHg9XEKhtSvM=
github.com/inconshreveable/mousetrap v1.0.0/go.mod h1:PxqpIevigyE2G7u3NXJIT2ANytuPF1OarO4DADm73n8=
github.com/jinzhu/gorm v0.0.0-20170222002820-5409931a1bb8 h1:CZkYfurY6KGhVtlalI4QwQ6T0Cu6iuY3e0x5RLu96WE=
github.com/jinzhu/gorm v0.0.0-20170222002820-5409931a1bb8/go.mod h1:Vla75njaFJ8clLU1W44h34PjIkijhjHIYnZxMqCdxqo=
github.com/jinzhu/inflection v0.0.0-20170102125226-1c35d901db3d h1:jRQLvyVGL+iVtDElaEIDdKwpPqUIZJfzkNLV34htpEc=
github.com/jinzhu/inflection v0.0.0-20170102125226-1c35d901db3d/go.mod h1:h+uFLlag+Qp1Va5pdKtLDYj+kHp5pxUVkryuEj+Srlc=
github.com/jinzhu/now v1.0.1 h1:HjfetcXq097iXP0uoPCdnM4Efp5/9MsM0/M+XOTeR3M=
github.com/jinzhu/now v1.0.1/go.mod h1:d3SSVoowX0Lcu0IBviAWJpolVfI5UJVZZ7cO71lE/z8=
github.com/klauspost/compress v1.8.3 h1:CkLseiEYMM/fRb0RIg9mXB+Iwgmle+U9KGFu+JCO4Ec=
github.com/klauspost/compress v1.8.3/go.mod h1:RyIbtBH6LamlWaDj8nUwkbUhJ87Yi3uG0guNDohfE1A=
github.com/klauspost/cpuid v1.2.1 h1:vJi+O/nMdFt0vqm8NZBI6wzALWdA2X+egi0ogNyrC/w=
github.com/klauspost/cpuid v1.2.1/go.mod h1:Pj4uuM528wm8OyEC2QMXAi2YiTZ96dNQPGgoMS4s3ek=
github.com/kr/pretty v0.1.0 h1:L/CwN0zerZDmRFUapSPitk6f+Q3+0za1rQkzVuMiMFI=
github.com/kr/pretty v0.1.0/go.mod h1:dAy3ld7l9f0ibDNOQOHHMYYIIbhfbHSm3C4ZsoJORNo=
github.com/kr/pty v1.1.1/go.mod h1:pFQYn66WHrOpPYNljwOMqo10TkYh1fy3cYio2l3bCsQ=
github.com/kr/text v0.1.0 h1:45sCR5RtlFHMR4UwH9sdQ5TC8v0qDQCHnXt+kaKSTVE=
github.com/kr/text v0.1.0/go.mod h1:4Jbv+DJW3UT/LiOwJeYQe1efqtUx/iVham/4vfdArNI=
github.com/lib/pq v0.0.0-20170306183709-ca5bc43047f2 h1:B1934eXGJTB1bxfQkPdRNpblrm2Z4Jj8OIhsn7l4dTc=
github.com/lib/pq v0.0.0-20170306183709-ca5bc43047f2/go.mod h1:5WUZQaWbwv1U+lTReE5YruASi9Al49XbQIvNi/34Woo=
github.com/magiconair/properties v1.7.2-0.20170113111004-b3b15ef068fd h1:FnhC1HaTuaJ+TUgU4HvwytTtca1bmnpXTbFR1yHSXbk=
github.com/magiconair/properties v1.7.2-0.20170113111004-b3b15ef068fd/go.mod h1:PppfXfuXeibc/6YijjN8zIbojt8czPbwD3XqdrwzmxQ=
github.com/mattn/go-sqlite3 v1.2.1-0.20170305140206-eac1dfa2a61e h1:OQkpURxc4FeMBGNjVYrS7wB1ooXrrVMj8uhv9xMX+jU=
github.com/mattn/go-sqlite3 v1.2.1-0.20170305140206-eac1dfa2a61e/go.mod h1:FPy6KqzDD04eiIsT53CuJW3U88zkxoIYsOqkbpncsNc=
github.com/mitchellh/mapstructure v0.0.0-20170125051937-db1efb556f84 h1:rrg06yhhsqEELubsnYWqadxdi0CYJ97s899oUXDIrkY=
github.com/mitchellh/mapstructure v0.0.0-20170125051937-db1efb556f84/go.mod h1:FVVH3fgwuzCH5S8UJGiWEs2h04kUh9fWfEaFds41c1Y=
github.com/pborman/uuid v0.0.0-20160209185913-a97ce2ca70fa h1:l8VQbMdmwFH37kOOaWQ/cw24/u8AuBz5lUym13Wcu0Y=
github.com/pborman/uuid v0.0.0-20160209185913-a97ce2ca70fa/go.mod h1:VyrYX9gd7irzKovcSS6BIIEwPRkP2Wm2m9ufcdFSJ34=
github.com/pelletier/go-buffruneio v0.2.0 h1:U4t4R6YkofJ5xHm3dJzuRpPZ0mr5MMCoAWooScCR7aA=
github.com/pelletier/go-buffruneio v0.2.0/go.mod h1:JkE26KsDizTr40EUHkXVtNPvgGtbSNq5BcowyYOWdKo=
github.com/pelletier/go-toml v0.5.0 h1:4JciwWR3v6XGcQibYe+58htiJN9TzM6P18uLetto3gw=
github.com/pelletier/go-toml v0.5.0/go.mod h1:5z9KED0ma1S8pY6P1sdut58dfprrGBbd/94hg7ilaic=
github.com/pkg/errors v0.8.1-0.20170227220037-bfd5150e4e41 h1:wkVNpTThLSDUAGkTWb2bywAaMxLFrM/Zh1FTsbDylGA=
github.com/pkg/errors v0.8.1-0.20170227220037-bfd5150e4e41/go.mod h1:bwawxfHBFNV+L2hUp1rHADufV3IMtnDRdf1r5NINEl0=
github.com/pmezard/go-difflib v1.0.0 h1:4DBwDE0NGyQoBHbLQYPwSUPoCMWR5BEzIk/f1lZbAQM=
github.com/pmezard/go-difflib v1.0.0/go.mod h1:iKH77koFhYxTK1pcRnkKkqfTogsbg7gZNVY4sRDYZ/4=
github.com/rs/cors v0.0.0-20160617231935-a62a804a8a00 h1:8DPul/X0IT/1TNMIxoKLwdemEOBBHDC/K4EB16Cw5WE=
github.com/rs/cors v0.0.0-20160617231935-a62a804a8a00/go.mod h1:gFx+x8UowdsKA9AchylcLynDq+nNFfI8FkUZdN/jGCU=
github.com/rs/xhandler v0.0.0-20160618193221-ed27b6fd6521 h1:3hxavr+IHMsQBrYUPQM5v0CgENFktkkbg1sfpgM3h20=
github.com/rs/xhandler v0.0.0-20160618193221-ed27b6fd6521/go.mod h1:RvLn4FgxWubrpZHtQLnOf6EwhN2hEMusxZOhcW9H3UQ=
github.com/sirupsen/logrus v1.0.2-0.20170713114250-a3f95b5c4235 h1:aPIH7fk87dLHot2nJ8bbakmAgwM4RZJtGEkwQ52pQCg=
github.com/sirupsen/logrus v1.0.2-0.20170713114250-a3f95b5c4235/go.mod h1:pMByvHTf9Beacp5x1UXfOR9xyW/9antXMhjMPG0dEzc=
github.com/spf13/afero v0.0.0-20170217164146-9be650865eab h1:IVAbBHQR8rXL2Fc8Zba/lMF7KOnTi70lqdx91UTuAwQ=
github.com/spf13/afero v0.0.0-20170217164146-9be650865eab/go.mod h1:j4pytiNVoe2o6bmDsKpLACNPDBIoEAkihy7loJ1B0CQ=
github.com/spf13/cast v1.0.0 h1:GNbxZJxRIvehsqPCmvpb/fnBMMyMoF7lojcquQccV4k=
github.com/spf13/cast v1.0.0/go.mod h1:r2rcYCSwa1IExKTDiTfzaxqT2FNHs8hODu4LnUfgKEg=
github.com/spf13/cobra v0.0.0-20170228191748-fcd0c5a1df88 h1:gtQhsEOuPoLkS8vHv0VGgyonGFFj7vqDH9plPHSdulg=
github.com/spf13/cobra v0.0.0-20170228191748-fcd0c5a1df88/go.mod h1:1l0Ry5zgKvJasoi3XT1TypsSe7PqH0Sj9dhYf7v3XqQ=
github.com/spf13/jwalterweatherman v0.0.0-20170109133355-fa7ca7e836cf h1:F3R4gmObzwZfjwH3hCs9WIyyTPjL5yC/cfdsW5hORhI=
github.com/spf13/jwalterweatherman v0.0.0-20170109133355-fa7ca7e836cf/go.mod h1:cQK4TGJAtQXfYWX+Ddv3mKDzgVb68N+wFjFa4jdeBTo=
github.com/spf13/pflag v0.0.0-20170130214245-9ff6c6923cff h1:VARhShG49tiji6mdRNp7JTNDtJ0FhuprF93GBQ37xGU=
github.com/spf13/pflag v0.0.0-20170130214245-9ff6c6923cff/go.mod h1:DYY7MBk1bdzusC3SYhjObp+wFpr4gzcvqqNjLnInEg4=
github.com/spf13/viper v0.0.0-20170217163817-7538d73b4eb9 h1:rtmHchHXFTzHW1ZAnHziYWaTRa37ZzjjcU7xI/t21hk=
github.com/spf13/viper v0.0.0-20170217163817-7538d73b4eb9/go.mod h1:A8kyI5cUJhb8N+3pkfONlcEcZbueH6nhAm0Fq7SrnBM=
github.com/stretchr/testify v1.1.4 h1:ToftOQTytwshuOSj6bDSolVUa3GINfJP/fg3OkkOzQQ=
github.com/stretchr/testify v1.1.4/go.mod h1:a8OnRcib4nhh0OaRAV+Yts87kKdq0PP7pXfy6kDkUVs=
github.com/stripe/stripe-go v18.1.0+incompatible h1:kjf7pmonEgYcyhud6IxG5OImYJ+rvx1uSqnAxZ9W06I=
github.com/stripe/stripe-go v18.1.0+incompatible/go.mod h1:A1dQZmO/QypXmsL0T8axYZkSN/uA/T/A64pfKdBAMiY=
github.com/valyala/fasthttp v0.0.0-20160617101304-d42167fd04f6 h1:uEhjaCRyOrn14XCdJQnqsiLLA+PCsM1BYFrPdWdHf/w=
github.com/valyala/fasthttp v0.0.0-20160617101304-d42167fd04f6/go.mod h1:+g/po7GqyG5E+1CNgquiIxJnsXEi5vwFn5weFujbO78=
github.com/zenazn/goji v0.9.1-0.20160823030549-4d7077956293 h1:d4Z2pghRnUeh1i1mo+eirsIo1UB1MDzKs9d6w7rI//o=
github.com/zenazn/goji v0.9.1-0.20160823030549-4d7077956293/go.mod h1:7S9M489iMyHBNxwZnk9/EHS098H4/F6TATF2mIxtB1Q=
golang.org/x/crypto v0.0.0-20190308221718-c2843e01d9a2/go.mod h1:djNgcEr1/C05ACkg1iLfiJU5Ep61QUkGW8qpdssI0+w=
golang.org/x/crypto v0.0.0-20190325154230-a5d413f7728c h1:Vj5n4GlwjmQteupaxJ9+0FNOmBrHfq7vN4btdGoDZgI=
golang.org/x/crypto v0.0.0-20190325154230-a5d413f7728c/go.mod h1:djNgcEr1/C05ACkg1iLfiJU5Ep61QUkGW8qpdssI0+w=
golang.org/x/net v0.0.0-20190620200207-3b0461eec859 h1:R/3boaszxrf1GEUWTVDzSKVwLmSJpwZ1yqXm8j0v2QI=
golang.org/x/net v0.0.0-20190620200207-3b0461eec859/go.mod h1:z5CRVTTTmAJ677TzLLGU+0bjPO0LkuOLi4/5GtJWs/s=
golang.org/x/sync v0.0.0-20190423024810-112230192c58 h1:8gQV6CLnAEikrhgkHFbMAEhagSSnXWGV915qUMm9mrU=
golang.org/x/sync v0.0.0-20190423024810-112230192c58/go.mod h1:RxMgew5VJxzue5/jJTE5uejpjVlOe/izrB70Jof72aM=
golang.org/x/sys v0.0.0-20190215142949-d0b11bdaac8a h1:1BGLXjeY4akVXGgbC9HugT3Jv3hCI0z56oJR5vAMgBU=
golang.org/x/sys v0.0.0-20190215142949-d0b11bdaac8a/go.mod h1:STP8DvDyc/dI5b8T5hshtkjS+E42TnysNCUPdjciGhY=
golang.org/x/text v0.3.0 h1:g61tztE5qeGQ89tm6NTjjM9VPIm088od1l6aSorWRWg=
golang.org/x/text v0.3.0/go.mod h1:NqM8EUOU14njkJ3fqMW+pc6Ldnwhi/IjpwHt7yyuwOQ=
google.golang.org/appengine v1.0.1-0.20170303155157-5403c08c6e8f h1:qSIYvwmUdi2OUIkWAIK8Us/tvHBFyw+8cT8Tz8emJCk=
google.golang.org/appengine v1.0.1-0.20170303155157-5403c08c6e8f/go.mod h1:EbEs0AVv82hx2wNQdGPgUI5lhzA/G0D9YwlJXL52JkM=
gopkg.in/check.v1 v1.0.0-20190902080502-41f04d3bba15 h1:YR8cESwS4TdDjEe65xsg0ogRM/Nc3DYOhEAlW+xobZo=
gopkg.in/check.v1 v1.0.0-20190902080502-41f04d3bba15/go.mod h1:Co6ibVJAznAaIkqp8huTwlJQCZ016jof/cbN4VW5Yz0=
gopkg.in/square/go-jose.v1 v1.1.0 h1:T/KcERvxOFKL2QzwvOsP0l5xRvvhTlwcTxw5qad61pQ=
gopkg.in/square/go-jose.v1 v1.1.0/go.mod h1:QpYS+a4WhS+DTlyQIi6Ka7MS3SuR9a055rgXNEe6EiA=
gopkg.in/yaml.v2 v2.0.0-20170208141851-a3f3340b5840 h1:BftvRMCaj0KX6UeD7gnNJv0W8b4HAYTEWes978CoWlY=
gopkg.in/yaml.v2 v2.0.0-20170208141851-a3f3340b5840/go.mod h1:JAlM8MvJe8wmxCU4Bli9HhUf9+ttbYbLASfIpnQbh74=
